// !$*UTF8*$!
{
	archiveVersion = 1;
	classes = {
	};
	objectVersion = 50;
	objects = {

/* Begin PBXBuildFile section */
		88844FE226DD0B5E00AE2DE7 /* OpenGL.framework in Frameworks */ = {isa = PBXBuildFile; fileRef = 88844FE126DD0B5E00AE2DE7 /* OpenGL.framework */; };
		88844FE426DD0B9100AE2DE7 /* libglfw.3.3.dylib in Frameworks */ = {isa = PBXBuildFile; fileRef = 88844FE326DD0B9100AE2DE7 /* libglfw.3.3.dylib */; };
		88844FE626DD0BD200AE2DE7 /* libGLEW.2.2.0.dylib in Frameworks */ = {isa = PBXBuildFile; fileRef = 88844FE526DD0BD100AE2DE7 /* libGLEW.2.2.0.dylib */; };
		88844FED26DD0CF000AE2DE7 /* glad.c in Sources */ = {isa = PBXBuildFile; fileRef = 88844FEC26DD0CF000AE2DE7 /* glad.c */; };
		88844FF226DD123600AE2DE7 /* GLUT.framework in Frameworks */ = {isa = PBXBuildFile; fileRef = 88844FF126DD123600AE2DE7 /* GLUT.framework */; };
		88844FFA26DD183000AE2DE7 /* test.c in Sources */ = {isa = PBXBuildFile; fileRef = 88844FF926DD183000AE2DE7 /* test.c */; };
/* End PBXBuildFile section */

/* Begin PBXCopyFilesBuildPhase section */
		88844FD326DD082A00AE2DE7 /* CopyFiles */ = {
			isa = PBXCopyFilesBuildPhase;
			buildActionMask = 2147483647;
			dstPath = /usr/share/man/man1/;
			dstSubfolderSpec = 0;
			files = (
			);
			runOnlyForDeploymentPostprocessing = 1;
		};
/* End PBXCopyFilesBuildPhase section */

/* Begin PBXFileReference section */
		88844FD526DD082A00AE2DE7 /* convex-hull-render */ = {isa = PBXFileReference; explicitFileType = "compiled.mach-o.executable"; includeInIndex = 0; path = "convex-hull-render"; sourceTree = BUILT_PRODUCTS_DIR; };
		88844FE126DD0B5E00AE2DE7 /* OpenGL.framework */ = {isa = PBXFileReference; lastKnownFileType = wrapper.framework; name = OpenGL.framework; path = System/Library/Frameworks/OpenGL.framework; sourceTree = SDKROOT; };
		88844FE326DD0B9100AE2DE7 /* libglfw.3.3.dylib */ = {isa = PBXFileReference; lastKnownFileType = "compiled.mach-o.dylib"; name = libglfw.3.3.dylib; path = ../../../../usr/local/Cellar/glfw/3.3.2/lib/libglfw.3.3.dylib; sourceTree = "<group>"; };
		88844FE526DD0BD100AE2DE7 /* libGLEW.2.2.0.dylib */ = {isa = PBXFileReference; lastKnownFileType = "compiled.mach-o.dylib"; name = libGLEW.2.2.0.dylib; path = ../../../../usr/local/Cellar/glew/2.2.0/lib/libGLEW.2.2.0.dylib; sourceTree = "<group>"; };
		88844FEC26DD0CF000AE2DE7 /* glad.c */ = {isa = PBXFileReference; fileEncoding = 4; lastKnownFileType = sourcecode.c.c; path = glad.c; sourceTree = "<group>"; };
		88844FF126DD123600AE2DE7 /* GLUT.framework */ = {isa = PBXFileReference; lastKnownFileType = wrapper.framework; name = GLUT.framework; path = System/Library/Frameworks/GLUT.framework; sourceTree = SDKROOT; };
		88844FF926DD183000AE2DE7 /* test.c */ = {isa = PBXFileReference; fileEncoding = 4; lastKnownFileType = sourcecode.c.c; path = test.c; sourceTree = "<group>"; };
/* End PBXFileReference section */

/* Begin PBXFrameworksBuildPhase section */
		88844FD226DD082A00AE2DE7 /* Frameworks */ = {
			isa = PBXFrameworksBuildPhase;
			buildActionMask = 2147483647;
			files = (
				88844FF226DD123600AE2DE7 /* GLUT.framework in Frameworks */,
				88844FE226DD0B5E00AE2DE7 /* OpenGL.framework in Frameworks */,
				88844FE626DD0BD200AE2DE7 /* libGLEW.2.2.0.dylib in Frameworks */,
				88844FE426DD0B9100AE2DE7 /* libglfw.3.3.dylib in Frameworks */,
			);
			runOnlyForDeploymentPostprocessing = 0;
		};
/* End PBXFrameworksBuildPhase section */

/* Begin PBXGroup section */
		88844FCC26DD082A00AE2DE7 = {
			isa = PBXGroup;
			children = (
				88844FD726DD082A00AE2DE7 /* convex-hull-render */,
				88844FD626DD082A00AE2DE7 /* Products */,
				88844FE026DD0B5D00AE2DE7 /* Frameworks */,
			);
			sourceTree = "<group>";
		};
		88844FD626DD082A00AE2DE7 /* Products */ = {
			isa = PBXGroup;
			children = (
				88844FD526DD082A00AE2DE7 /* convex-hull-render */,
			);
			name = Products;
			sourceTree = "<group>";
		};
		88844FD726DD082A00AE2DE7 /* convex-hull-render */ = {
			isa = PBXGroup;
			children = (
				88844FEC26DD0CF000AE2DE7 /* glad.c */,
				88844FF926DD183000AE2DE7 /* test.c */,
			);
			path = "convex-hull-render";
			sourceTree = "<group>";
		};
		88844FE026DD0B5D00AE2DE7 /* Frameworks */ = {
			isa = PBXGroup;
			children = (
				88844FF126DD123600AE2DE7 /* GLUT.framework */,
				88844FE526DD0BD100AE2DE7 /* libGLEW.2.2.0.dylib */,
				88844FE326DD0B9100AE2DE7 /* libglfw.3.3.dylib */,
				88844FE126DD0B5E00AE2DE7 /* OpenGL.framework */,
			);
			name = Frameworks;
			sourceTree = "<group>";
		};
/* End PBXGroup section */

/* Begin PBXNativeTarget section */
		88844FD426DD082A00AE2DE7 /* convex-hull-render */ = {
			isa = PBXNativeTarget;
			buildConfigurationList = 88844FDC26DD082A00AE2DE7 /* Build configuration list for PBXNativeTarget "convex-hull-render" */;
			buildPhases = (
				88844FD126DD082A00AE2DE7 /* Sources */,
				88844FD226DD082A00AE2DE7 /* Frameworks */,
				88844FD326DD082A00AE2DE7 /* CopyFiles */,
			);
			buildRules = (
			);
			dependencies = (
			);
			name = "convex-hull-render";
			productName = "convex-hull-render";
			productReference = 88844FD526DD082A00AE2DE7 /* convex-hull-render */;
			productType = "com.apple.product-type.tool";
		};
/* End PBXNativeTarget section */

/* Begin PBXProject section */
		88844FCD26DD082A00AE2DE7 /* Project object */ = {
			isa = PBXProject;
			attributes = {
				LastUpgradeCheck = 1220;
				TargetAttributes = {
					88844FD426DD082A00AE2DE7 = {
						CreatedOnToolsVersion = 12.2;
					};
				};
			};
			buildConfigurationList = 88844FD026DD082A00AE2DE7 /* Build configuration list for PBXProject "convex-hull-render" */;
			compatibilityVersion = "Xcode 9.3";
			developmentRegion = en;
			hasScannedForEncodings = 0;
			knownRegions = (
				en,
				Base,
			);
			mainGroup = 88844FCC26DD082A00AE2DE7;
			productRefGroup = 88844FD626DD082A00AE2DE7 /* Products */;
			projectDirPath = "";
			projectRoot = "";
			targets = (
				88844FD426DD082A00AE2DE7 /* convex-hull-render */,
			);
		};
/* End PBXProject section */

/* Begin PBXSourcesBuildPhase section */
		88844FD126DD082A00AE2DE7 /* Sources */ = {
			isa = PBXSourcesBuildPhase;
			buildActionMask = 2147483647;
			files = (
				88844FFA26DD183000AE2DE7 /* test.c in Sources */,
				88844FED26DD0CF000AE2DE7 /* glad.c in Sources */,
			);
			runOnlyForDeploymentPostprocessing = 0;
		};
/* End PBXSourcesBuildPhase section */

/* Begin XCBuildConfiguration section */
		88844FDA26DD082A00AE2DE7 /* Debug */ = {
			isa = XCBuildConfiguration;
			buildSettings = {
				ALWAYS_SEARCH_USER_PATHS = YES;
				CLANG_ANALYZER_NONNULL = YES;
				CLANG_ANALYZER_NUMBER_OBJECT_CONVERSION = YES_AGGRESSIVE;
				CLANG_CXX_LANGUAGE_STANDARD = "gnu++14";
				CLANG_CXX_LIBRARY = "libc++";
				CLANG_ENABLE_MODULES = YES;
				CLANG_ENABLE_OBJC_ARC = YES;
				CLANG_ENABLE_OBJC_WEAK = YES;
				CLANG_WARN_BLOCK_CAPTURE_AUTORELEASING = YES;
				CLANG_WARN_BOOL_CONVERSION = YES;
				CLANG_WARN_COMMA = YES;
				CLANG_WARN_CONSTANT_CONVERSION = YES;
				CLANG_WARN_DEPRECATED_OBJC_IMPLEMENTATIONS = YES;
				CLANG_WARN_DIRECT_OBJC_ISA_USAGE = YES_ERROR;
				CLANG_WARN_DOCUMENTATION_COMMENTS = YES;
				CLANG_WARN_EMPTY_BODY = YES;
				CLANG_WARN_ENUM_CONVERSION = YES;
				CLANG_WARN_INFINITE_RECURSION = YES;
				CLANG_WARN_INT_CONVERSION = YES;
				CLANG_WARN_NON_LITERAL_NULL_CONVERSION = YES;
				CLANG_WARN_OBJC_IMPLICIT_RETAIN_SELF = YES;
				CLANG_WARN_OBJC_LITERAL_CONVERSION = YES;
				CLANG_WARN_OBJC_ROOT_CLASS = YES_ERROR;
				CLANG_WARN_QUOTED_INCLUDE_IN_FRAMEWORK_HEADER = YES;
				CLANG_WARN_RANGE_LOOP_ANALYSIS = YES;
				CLANG_WARN_STRICT_PROTOTYPES = YES;
				CLANG_WARN_SUSPICIOUS_MOVE = YES;
				CLANG_WARN_UNGUARDED_AVAILABILITY = YES_AGGRESSIVE;
				CLANG_WARN_UNREACHABLE_CODE = YES;
				CLANG_WARN__DUPLICATE_METHOD_MATCH = YES;
				COPY_PHASE_STRIP = NO;
				DEBUG_INFORMATION_FORMAT = dwarf;
				ENABLE_STRICT_OBJC_MSGSEND = YES;
				ENABLE_TESTABILITY = YES;
				GCC_C_LANGUAGE_STANDARD = gnu11;
				GCC_DYNAMIC_NO_PIC = NO;
				GCC_NO_COMMON_BLOCKS = NO;
				GCC_OPTIMIZATION_LEVEL = 0;
				GCC_PREPROCESSOR_DEFINITIONS = (
					"DEBUG=1",
					"$(inherited)",
				);
				GCC_WARN_64_TO_32_BIT_CONVERSION = YES;
				GCC_WARN_ABOUT_RETURN_TYPE = YES_ERROR;
				GCC_WARN_UNDECLARED_SELECTOR = YES;
				GCC_WARN_UNINITIALIZED_AUTOS = YES_AGGRESSIVE;
				GCC_WARN_UNUSED_FUNCTION = YES;
				GCC_WARN_UNUSED_VARIABLE = YES;
				HEADER_SEARCH_PATHS = (
					"${glfw_header}",
					"${glew_header}",
					/usr/local/include,
				);
				"HEADER_SEARCH_PATHS[arch=*]" = (
					/usr/local/include,
					"${glew_header}",
					"${glfw_header}",
				);
				LIBRARY_SEARCH_PATHS = (
					"${glew_lib}",
					"${glfw_lib}",
				);
				MACOSX_DEPLOYMENT_TARGET = 11.0;
				MTL_ENABLE_DEBUG_INFO = INCLUDE_SOURCE;
				MTL_FAST_MATH = YES;
				ONLY_ACTIVE_ARCH = YES;
				SDKROOT = macosx;
			};
			name = Debug;
		};
		88844FDB26DD082A00AE2DE7 /* Release */ = {
			isa = XCBuildConfiguration;
			buildSettings = {
				ALWAYS_SEARCH_USER_PATHS = YES;
				CLANG_ANALYZER_NONNULL = YES;
				CLANG_ANALYZER_NUMBER_OBJECT_CONVERSION = YES_AGGRESSIVE;
				CLANG_CXX_LANGUAGE_STANDARD = "gnu++14";
				CLANG_CXX_LIBRARY = "libc++";
				CLANG_ENABLE_MODULES = YES;
				CLANG_ENABLE_OBJC_ARC = YES;
				CLANG_ENABLE_OBJC_WEAK = YES;
				CLANG_WARN_BLOCK_CAPTURE_AUTORELEASING = YES;
				CLANG_WARN_BOOL_CONVERSION = YES;
				CLANG_WARN_COMMA = YES;
				CLANG_WARN_CONSTANT_CONVERSION = YES;
				CLANG_WARN_DEPRECATED_OBJC_IMPLEMENTATIONS = YES;
				CLANG_WARN_DIRECT_OBJC_ISA_USAGE = YES_ERROR;
				CLANG_WARN_DOCUMENTATION_COMMENTS = YES;
				CLANG_WARN_EMPTY_BODY = YES;
				CLANG_WARN_ENUM_CONVERSION = YES;
				CLANG_WARN_INFINITE_RECURSION = YES;
				CLANG_WARN_INT_CONVERSION = YES;
				CLANG_WARN_NON_LITERAL_NULL_CONVERSION = YES;
				CLANG_WARN_OBJC_IMPLICIT_RETAIN_SELF = YES;
				CLANG_WARN_OBJC_LITERAL_CONVERSION = YES;
				CLANG_WARN_OBJC_ROOT_CLASS = YES_ERROR;
				CLANG_WARN_QUOTED_INCLUDE_IN_FRAMEWORK_HEADER = YES;
				CLANG_WARN_RANGE_LOOP_ANALYSIS = YES;
				CLANG_WARN_STRICT_PROTOTYPES = YES;
				CLANG_WARN_SUSPICIOUS_MOVE = YES;
				CLANG_WARN_UNGUARDED_AVAILABILITY = YES_AGGRESSIVE;
				CLANG_WARN_UNREACHABLE_CODE = YES;
				CLANG_WARN__DUPLICATE_METHOD_MATCH = YES;
				COPY_PHASE_STRIP = NO;
				DEBUG_INFORMATION_FORMAT = "dwarf-with-dsym";
				ENABLE_NS_ASSERTIONS = NO;
				ENABLE_STRICT_OBJC_MSGSEND = YES;
				GCC_C_LANGUAGE_STANDARD = gnu11;
				GCC_NO_COMMON_BLOCKS = NO;
				GCC_WARN_64_TO_32_BIT_CONVERSION = YES;
				GCC_WARN_ABOUT_RETURN_TYPE = YES_ERROR;
				GCC_WARN_UNDECLARED_SELECTOR = YES;
				GCC_WARN_UNINITIALIZED_AUTOS = YES_AGGRESSIVE;
				GCC_WARN_UNUSED_FUNCTION = YES;
				GCC_WARN_UNUSED_VARIABLE = YES;
				HEADER_SEARCH_PATHS = (
					"${glfw_header}",
					"${glew_header}",
					/usr/local/include,
				);
				LIBRARY_SEARCH_PATHS = (
					"${glew_lib}",
					"${glfw_lib}",
				);
				MACOSX_DEPLOYMENT_TARGET = 11.0;
				MTL_ENABLE_DEBUG_INFO = NO;
				MTL_FAST_MATH = YES;
				SDKROOT = macosx;
			};
			name = Release;
		};
		88844FDD26DD082A00AE2DE7 /* Debug */ = {
			isa = XCBuildConfiguration;
			buildSettings = {
				CODE_SIGN_STYLE = Automatic;
				LIBRARY_SEARCH_PATHS = (
					"$(inherited)",
					/usr/local/Cellar/glfw/3.3.2/lib,
					/usr/local/Cellar/glew/2.2.0/lib,
				);
				PRODUCT_NAME = "$(TARGET_NAME)";
			};
			name = Debug;
		};
		88844FDE26DD082A00AE2DE7 /* Release */ = {
			isa = XCBuildConfiguration;
			buildSettings = {
				CODE_SIGN_STYLE = Automatic;
				LIBRARY_SEARCH_PATHS = (
					"$(inherited)",
					/usr/local/Cellar/glfw/3.3.2/lib,
					/usr/local/Cellar/glew/2.2.0/lib,
				);
				PRODUCT_NAME = "$(TARGET_NAME)";
			};
			name = Release;
		};
/* End XCBuildConfiguration section */

/* Begin XCConfigurationList section */
		88844FD026DD082A00AE2DE7 /* Build configuration list for PBXProject "convex-hull-render" */ = {
			isa = XCConfigurationList;
			buildConfigurations = (
				88844FDA26DD082A00AE2DE7 /* Debug */,
				88844FDB26DD082A00AE2DE7 /* Release */,
			);
			defaultConfigurationIsVisible = 0;
			defaultConfigurationName = Release;
		};
		88844FDC26DD082A00AE2DE7 /* Build configuration list for PBXNativeTarget "convex-hull-render" */ = {
			isa = XCConfigurationList;
			buildConfigurations = (
				88844FDD26DD082A00AE2DE7 /* Debug */,
				88844FDE26DD082A00AE2DE7 /* Release */,
			);
			defaultConfigurationIsVisible = 0;
			defaultConfigurationName = Release;
		};
/* End XCConfigurationList section */
	};
	rootObject = 88844FCD26DD082A00AE2DE7 /* Project object */;
}
